
Microsoft Visual Studio Solution File, Format Version 12.00
# Visual Studio Version 17
VisualStudioVersion = 17.14.37111.16 d17.14
MinimumVisualStudioVersion = 10.0.40219.1
Project("{FAE04EC0-301F-11D3-BF4B-00C04F79EFBC}") = "AMKH", "WindowsFormsApp1\AMKH.csproj", "{58750E4B-D0AD-41A4-9B1A-25D84417ED4B}"
EndProject
Global
	GlobalSection(SolutionConfigurationPlatforms) = preSolution
		Debug|Any CPU = Debug|Any CPU
		Release|Any CPU = Release|Any CPU
	EndGlobalSection
	GlobalSection(ProjectConfigurationPlatforms) = postSolution
		{58750E4B-D0AD-41A4-9B1A-25D84417ED4B}.Debug|Any CPU.ActiveCfg = Debug|Any CPU
		{58750E4B-D0AD-41A4-9B1A-25D84417ED4B}.Debug|Any CPU.Build.0 = Debug|Any CPU
		{58750E4B-D0AD-41A4-9B1A-25D84417ED4B}.Release|Any CPU.ActiveCfg = Release|Any CPU
		{58750E4B-D0AD-41A4-9B1A-25D84417ED4B}.Release|Any CPU.Build.0 = Release|Any CPU
	EndGlobalSection
	GlobalSection(SolutionProperties) = preSolution
		HideSolutionNode = FALSE
	EndGlobalSection
	GlobalSection(ExtensibilityGlobals) = postSolution
		SolutionGuid = {CFD1892B-6BAF-44F4-B95F-6472697D6ABE}
	EndGlobalSection
EndGlobal
